// !$*UTF8*$!
{
	archiveVersion = 1;
	classes = {
	};
	objectVersion = 46;
	objects = {

/* Begin PBXBuildFile section */
		852EC07D1A713DA300DD765D /* AppDelegate.swift in Sources */ = {isa = PBXBuildFile; fileRef = 852EC07C1A713DA300DD765D /* AppDelegate.swift */; };
		852EC0801A713DA300DD765D /* data.xcdatamodeld in Sources */ = {isa = PBXBuildFile; fileRef = 852EC07E1A713DA300DD765D /* data.xcdatamodeld */; };
		852EC0821A713DA300DD765D /* ViewController.swift in Sources */ = {isa = PBXBuildFile; fileRef = 852EC0811A713DA300DD765D /* ViewController.swift */; };
		852EC0851A713DA300DD765D /* Main.storyboard in Resources */ = {isa = PBXBuildFile; fileRef = 852EC0831A713DA300DD765D /* Main.storyboard */; };
		852EC0871A713DA300DD765D /* Images.xcassets in Resources */ = {isa = PBXBuildFile; fileRef = 852EC0861A713DA300DD765D /* Images.xcassets */; };
		852EC08A1A713DA300DD765D /* LaunchScreen.xib in Resources */ = {isa = PBXBuildFile; fileRef = 852EC0881A713DA300DD765D /* LaunchScreen.xib */; };
		852EC0961A713DA300DD765D /* dataTests.swift in Sources */ = {isa = PBXBuildFile; fileRef = 852EC0951A713DA300DD765D /* dataTests.swift */; };
		85BE35C01A725A4100EABE61 /* ActiveRecord.swift in Sources */ = {isa = PBXBuildFile; fileRef = 85BE35BF1A725A4100EABE61 /* ActiveRecord.swift */; };
		85BE35C21A72709C00EABE61 /* Fruit.swift in Sources */ = {isa = PBXBuildFile; fileRef = 85BE35C11A72709C00EABE61 /* Fruit.swift */; };
/* End PBXBuildFile section */

/* Begin PBXContainerItemProxy section */
		852EC0901A713DA300DD765D /* PBXContainerItemProxy */ = {
			isa = PBXContainerItemProxy;
			containerPortal = 852EC06F1A713DA300DD765D /* Project object */;
			proxyType = 1;
			remoteGlobalIDString = 852EC0761A713DA300DD765D;
			remoteInfo = data;
		};
/* End PBXContainerItemProxy section */

/* Begin PBXFileReference section */
		852EC0771A713DA300DD765D /* data.app */ = {isa = PBXFileReference; explicitFileType = wrapper.application; includeInIndex = 0; path = data.app; sourceTree = BUILT_PRODUCTS_DIR; };
		852EC07B1A713DA300DD765D /* Info.plist */ = {isa = PBXFileReference; lastKnownFileType = text.plist.xml; path = Info.plist; sourceTree = "<group>"; };
		852EC07C1A713DA300DD765D /* AppDelegate.swift */ = {isa = PBXFileReference; lastKnownFileType = sourcecode.swift; path = AppDelegate.swift; sourceTree = "<group>"; };
		852EC07F1A713DA300DD765D /* data.xcdatamodel */ = {isa = PBXFileReference; lastKnownFileType = wrapper.xcdatamodel; path = data.xcdatamodel; sourceTree = "<group>"; };
		852EC0811A713DA300DD765D /* ViewController.swift */ = {isa = PBXFileReference; lastKnownFileType = sourcecode.swift; path = ViewController.swift; sourceTree = "<group>"; };
		852EC0841A713DA300DD765D /* Base */ = {isa = PBXFileReference; lastKnownFileType = file.storyboard; name = Base; path = Base.lproj/Main.storyboard; sourceTree = "<group>"; };
		852EC0861A713DA300DD765D /* Images.xcassets */ = {isa = PBXFileReference; lastKnownFileType = folder.assetcatalog; path = Images.xcassets; sourceTree = "<group>"; };
		852EC0891A713DA300DD765D /* Base */ = {isa = PBXFileReference; lastKnownFileType = file.xib; name = Base; path = Base.lproj/LaunchScreen.xib; sourceTree = "<group>"; };
		852EC08F1A713DA300DD765D /* dataTests.xctest */ = {isa = PBXFileReference; explicitFileType = wrapper.cfbundle; includeInIndex = 0; path = dataTests.xctest; sourceTree = BUILT_PRODUCTS_DIR; };
		852EC0941A713DA300DD765D /* Info.plist */ = {isa = PBXFileReference; lastKnownFileType = text.plist.xml; path = Info.plist; sourceTree = "<group>"; };
		852EC0951A713DA300DD765D /* dataTests.swift */ = {isa = PBXFileReference; lastKnownFileType = sourcecode.swift; path = dataTests.swift; sourceTree = "<group>"; };
		85BE35BF1A725A4100EABE61 /* ActiveRecord.swift */ = {isa = PBXFileReference; fileEncoding = 4; lastKnownFileType = sourcecode.swift; path = ActiveRecord.swift; sourceTree = "<group>"; };
		85BE35C11A72709C00EABE61 /* Fruit.swift */ = {isa = PBXFileReference; fileEncoding = 4; lastKnownFileType = sourcecode.swift; path = Fruit.swift; sourceTree = "<group>"; };
/* End PBXFileReference section */

/* Begin PBXFrameworksBuildPhase section */
		852EC0741A713DA300DD765D /* Frameworks */ = {
			isa = PBXFrameworksBuildPhase;
			buildActionMask = 2147483647;
			files = (
			);
			runOnlyForDeploymentPostprocessing = 0;
		};
		852EC08C1A713DA300DD765D /* Frameworks */ = {
			isa = PBXFrameworksBuildPhase;
			buildActionMask = 2147483647;
			files = (
			);
			runOnlyForDeploymentPostprocessing = 0;
		};
/* End PBXFrameworksBuildPhase section */

/* Begin PBXGroup section */
		852EC06E1A713DA300DD765D = {
			isa = PBXGroup;
			children = (
				852EC0791A713DA300DD765D /* data */,
				852EC0921A713DA300DD765D /* dataTests */,
				852EC0781A713DA300DD765D /* Products */,
			);
			sourceTree = "<group>";
		};
		852EC0781A713DA300DD765D /* Products */ = {
			isa = PBXGroup;
			children = (
				852EC0771A713DA300DD765D /* data.app */,
				852EC08F1A713DA300DD765D /* dataTests.xctest */,
			);
			name = Products;
			sourceTree = "<group>";
		};
		852EC0791A713DA300DD765D /* data */ = {
			isa = PBXGroup;
			children = (
				85BE35BE1A7259E000EABE61 /* models */,
				852EC07C1A713DA300DD765D /* AppDelegate.swift */,
				852EC0811A713DA300DD765D /* ViewController.swift */,
				852EC0831A713DA300DD765D /* Main.storyboard */,
				852EC0861A713DA300DD765D /* Images.xcassets */,
				852EC0881A713DA300DD765D /* LaunchScreen.xib */,
				852EC07E1A713DA300DD765D /* data.xcdatamodeld */,
				852EC07A1A713DA300DD765D /* Supporting Files */,
			);
			path = data;
			sourceTree = "<group>";
		};
		852EC07A1A713DA300DD765D /* Supporting Files */ = {
			isa = PBXGroup;
			children = (
				852EC07B1A713DA300DD765D /* Info.plist */,
			);
			name = "Supporting Files";
			sourceTree = "<group>";
		};
		852EC0921A713DA300DD765D /* dataTests */ = {
			isa = PBXGroup;
			children = (
				852EC0951A713DA300DD765D /* dataTests.swift */,
				852EC0931A713DA300DD765D /* Supporting Files */,
			);
			path = dataTests;
			sourceTree = "<group>";
		};
		852EC0931A713DA300DD765D /* Supporting Files */ = {
			isa = PBXGroup;
			children = (
				852EC0941A713DA300DD765D /* Info.plist */,
			);
			name = "Supporting Files";
			sourceTree = "<group>";
		};
		85BE35BE1A7259E000EABE61 /* models */ = {
			isa = PBXGroup;
			children = (
				85BE35BF1A725A4100EABE61 /* ActiveRecord.swift */,
				85BE35C11A72709C00EABE61 /* Fruit.swift */,
			);
			name = models;
			sourceTree = "<group>";
		};
/* End PBXGroup section */

/* Begin PBXNativeTarget section */
		852EC0761A713DA300DD765D /* data */ = {
			isa = PBXNativeTarget;
			buildConfigurationList = 852EC0991A713DA300DD765D /* Build configuration list for PBXNativeTarget "data" */;
			buildPhases = (
				852EC0731A713DA300DD765D /* Sources */,
				852EC0741A713DA300DD765D /* Frameworks */,
				852EC0751A713DA300DD765D /* Resources */,
			);
			buildRules = (
			);
			dependencies = (
			);
			name = data;
			productName = data;
			productReference = 852EC0771A713DA300DD765D /* data.app */;
			productType = "com.apple.product-type.application";
		};
		852EC08E1A713DA300DD765D /* dataTests */ = {
			isa = PBXNativeTarget;
			buildConfigurationList = 852EC09C1A713DA300DD765D /* Build configuration list for PBXNativeTarget "dataTests" */;
			buildPhases = (
				852EC08B1A713DA300DD765D /* Sources */,
				852EC08C1A713DA300DD765D /* Frameworks */,
				852EC08D1A713DA300DD765D /* Resources */,
			);
			buildRules = (
			);
			dependencies = (
				852EC0911A713DA300DD765D /* PBXTargetDependency */,
			);
			name = dataTests;
			productName = dataTests;
			productReference = 852EC08F1A713DA300DD765D /* dataTests.xctest */;
			productType = "com.apple.product-type.bundle.unit-test";
		};
/* End PBXNativeTarget section */

/* Begin PBXProject section */
		852EC06F1A713DA300DD765D /* Project object */ = {
			isa = PBXProject;
			attributes = {
				LastUpgradeCheck = 0610;
				ORGANIZATIONNAME = ItCraft_dev8;
				TargetAttributes = {
					852EC0761A713DA300DD765D = {
						CreatedOnToolsVersion = 6.1.1;
					};
					852EC08E1A713DA300DD765D = {
						CreatedOnToolsVersion = 6.1.1;
						TestTargetID = 852EC0761A713DA300DD765D;
					};
				};
			};
			buildConfigurationList = 852EC0721A713DA300DD765D /* Build configuration list for PBXProject "data" */;
			compatibilityVersion = "Xcode 3.2";
			developmentRegion = English;
			hasScannedForEncodings = 0;
			knownRegions = (
				en,
				Base,
			);
			mainGroup = 852EC06E1A713DA300DD765D;
			productRefGroup = 852EC0781A713DA300DD765D /* Products */;
			projectDirPath = "";
			projectRoot = "";
			targets = (
				852EC0761A713DA300DD765D /* data */,
				852EC08E1A713DA300DD765D /* dataTests */,
			);
		};
/* End PBXProject section */

/* Begin PBXResourcesBuildPhase section */
		852EC0751A713DA300DD765D /* Resources */ = {
			isa = PBXResourcesBuildPhase;
			buildActionMask = 2147483647;
			files = (
				852EC0851A713DA300DD765D /* Main.storyboard in Resources */,
				852EC08A1A713DA300DD765D /* LaunchScreen.xib in Resources */,
				852EC0871A713DA300DD765D /* Images.xcassets in Resources */,
			);
			runOnlyForDeploymentPostprocessing = 0;
		};
		852EC08D1A713DA300DD765D /* Resources */ = {
			isa = PBXResourcesBuildPhase;
			buildActionMask = 2147483647;
			files = (
			);
			runOnlyForDeploymentPostprocessing = 0;
		};
/* End PBXResourcesBuildPhase section */

/* Begin PBXSourcesBuildPhase section */
		852EC0731A713DA300DD765D /* Sources */ = {
			isa = PBXSourcesBuildPhase;
			buildActionMask = 2147483647;
			files = (
				85BE35C21A72709C00EABE61 /* Fruit.swift in Sources */,
				852EC0821A713DA300DD765D /* ViewController.swift in Sources */,
				852EC07D1A713DA300DD765D /* AppDelegate.swift in Sources */,
				852EC0801A713DA300DD765D /* data.xcdatamodeld in Sources */,
				85BE35C01A725A4100EABE61 /* ActiveRecord.swift in Sources */,
			);
			runOnlyForDeploymentPostprocessing = 0;
		};
		852EC08B1A713DA300DD765D /* Sources */ = {
			isa = PBXSourcesBuildPhase;
			buildActionMask = 2147483647;
			files = (
				852EC0961A713DA300DD765D /* dataTests.swift in Sources */,
			);
			runOnlyForDeploymentPostprocessing = 0;
		};
/* End PBXSourcesBuildPhase section */

/* Begin PBXTargetDependency section */
		852EC0911A713DA300DD765D /* PBXTargetDependency */ = {
			isa = PBXTargetDependency;
			target = 852EC0761A713DA300DD765D /* data */;
			targetProxy = 852EC0901A713DA300DD765D /* PBXContainerItemProxy */;
		};
/* End PBXTargetDependency section */

/* Begin PBXVariantGroup section */
		852EC0831A713DA300DD765D /* Main.storyboard */ = {
			isa = PBXVariantGroup;
			children = (
				852EC0841A713DA300DD765D /* Base */,
			);
			name = Main.storyboard;
			sourceTree = "<group>";
		};
		852EC0881A713DA300DD765D /* LaunchScreen.xib */ = {
			isa = PBXVariantGroup;
			children = (
				852EC0891A713DA300DD765D /* Base */,
			);
			name = LaunchScreen.xib;
			sourceTree = "<group>";
		};
/* End PBXVariantGroup section */

/* Begin XCBuildConfiguration section */
		852EC0971A713DA300DD765D /* Debug */ = {
			isa = XCBuildConfiguration;
			buildSettings = {
				ALWAYS_SEARCH_USER_PATHS = NO;
				CLANG_CXX_LANGUAGE_STANDARD = "gnu++0x";
				CLANG_CXX_LIBRARY = "libc++";
				CLANG_ENABLE_MODULES = YES;
				CLANG_ENABLE_OBJC_ARC = YES;
				CLANG_WARN_BOOL_CONVERSION = YES;
				CLANG_WARN_CONSTANT_CONVERSION = YES;
				CLANG_WARN_DIRECT_OBJC_ISA_USAGE = YES_ERROR;
				CLANG_WARN_EMPTY_BODY = YES;
				CLANG_WARN_ENUM_CONVERSION = YES;
				CLANG_WARN_INT_CONVERSION = YES;
				CLANG_WARN_OBJC_ROOT_CLASS = YES_ERROR;
				CLANG_WARN_UNREACHABLE_CODE = YES;
				CLANG_WARN__DUPLICATE_METHOD_MATCH = YES;
				"CODE_SIGN_IDENTITY[sdk=iphoneos*]" = "iPhone Developer";
				COPY_PHASE_STRIP = NO;
				ENABLE_STRICT_OBJC_MSGSEND = YES;
				GCC_C_LANGUAGE_STANDARD = gnu99;
				GCC_DYNAMIC_NO_PIC = NO;
				GCC_OPTIMIZATION_LEVEL = 0;
				GCC_PREPROCESSOR_DEFINITIONS = (
					"DEBUG=1",
					"$(inherited)",
				);
				GCC_SYMBOLS_PRIVATE_EXTERN = NO;
				GCC_WARN_64_TO_32_BIT_CONVERSION = YES;
				GCC_WARN_ABOUT_RETURN_TYPE = YES_ERROR;
				GCC_WARN_UNDECLARED_SELECTOR = YES;
				GCC_WARN_UNINITIALIZED_AUTOS = YES_AGGRESSIVE;
				GCC_WARN_UNUSED_FUNCTION = YES;
				GCC_WARN_UNUSED_VARIABLE = YES;
				IPHONEOS_DEPLOYMENT_TARGET = 8.1;
				MTL_ENABLE_DEBUG_INFO = YES;
				ONLY_ACTIVE_ARCH = YES;
				SDKROOT = iphoneos;
				SWIFT_OPTIMIZATION_LEVEL = "-Onone";
				TARGETED_DEVICE_FAMILY = "1,2";
			};
			name = Debug;
		};
		852EC0981A713DA300DD765D /* Release */ = {
			isa = XCBuildConfiguration;
			buildSettings = {
				ALWAYS_SEARCH_USER_PATHS = NO;
				CLANG_CXX_LANGUAGE_STANDARD = "gnu++0x";
				CLANG_CXX_LIBRARY = "libc++";
				CLANG_ENABLE_MODULES = YES;
				CLANG_ENABLE_OBJC_ARC = YES;
				CLANG_WARN_BOOL_CONVERSION = YES;
				CLANG_WARN_CONSTANT_CONVERSION = YES;
				CLANG_WARN_DIRECT_OBJC_ISA_USAGE = YES_ERROR;
				CLANG_WARN_EMPTY_BODY = YES;
				CLANG_WARN_ENUM_CONVERSION = YES;
				CLANG_WARN_INT_CONVERSION = YES;
				CLANG_WARN_OBJC_ROOT_CLASS = YES_ERROR;
				CLANG_WARN_UNREACHABLE_CODE = YES;
				CLANG_WARN__DUPLICATE_METHOD_MATCH = YES;
				"CODE_SIGN_IDENTITY[sdk=iphoneos*]" = "iPhone Developer";
				COPY_PHASE_STRIP = YES;
				ENABLE_NS_ASSERTIONS = NO;
				ENABLE_STRICT_OBJC_MSGSEND = YES;
				GCC_C_LANGUAGE_STANDARD = gnu99;
				GCC_WARN_64_TO_32_BIT_CONVERSION = YES;
				GCC_WARN_ABOUT_RETURN_TYPE = YES_ERROR;
				GCC_WARN_UNDECLARED_SELECTOR = YES;
				GCC_WARN_UNINITIALIZED_AUTOS = YES_AGGRESSIVE;
				GCC_WARN_UNUSED_FUNCTION = YES;
				GCC_WARN_UNUSED_VARIABLE = YES;
				IPHONEOS_DEPLOYMENT_TARGET = 8.1;
				MTL_ENABLE_DEBUG_INFO = NO;
				SDKROOT = iphoneos;
				TARGETED_DEVICE_FAMILY = "1,2";
				VALIDATE_PRODUCT = YES;
			};
			name = Release;
		};
		852EC09A1A713DA300DD765D /* Debug */ = {
			isa = XCBuildConfiguration;
			buildSettings = {
				ASSETCATALOG_COMPILER_APPICON_NAME = AppIcon;
				CLANG_ENABLE_MODULES = YES;
				INFOPLIST_FILE = data/Info.plist;
				LD_RUNPATH_SEARCH_PATHS = "$(inherited) @executable_path/Frameworks";
				PRODUCT_NAME = "$(TARGET_NAME)";
				SWIFT_OPTIMIZATION_LEVEL = "-Onone";
			};
			name = Debug;
		};
		852EC09B1A713DA300DD765D /* Release */ = {
			isa = XCBuildConfiguration;
			buildSettings = {
				ASSETCATALOG_COMPILER_APPICON_NAME = AppIcon;
				CLANG_ENABLE_MODULES = YES;
				INFOPLIST_FILE = data/Info.plist;
				LD_RUNPATH_SEARCH_PATHS = "$(inherited) @executable_path/Frameworks";
				PRODUCT_NAME = "$(TARGET_NAME)";
			};
			name = Release;
		};
		852EC09D1A713DA300DD765D /* Debug */ = {
			isa = XCBuildConfiguration;
			buildSettings = {
				BUNDLE_LOADER = "$(TEST_HOST)";
				FRAMEWORK_SEARCH_PATHS = (
					"$(SDKROOT)/Developer/Library/Frameworks",
					"$(inherited)",
				);
				GCC_PREPROCESSOR_DEFINITIONS = (
					"DEBUG=1",
					"$(inherited)",
				);
				INFOPLIST_FILE = dataTests/Info.plist;
				LD_RUNPATH_SEARCH_PATHS = "$(inherited) @executable_path/Frameworks @loader_path/Frameworks";
				PRODUCT_NAME = "$(TARGET_NAME)";
				TEST_HOST = "$(BUILT_PRODUCTS_DIR)/data.app/data";
			};
			name = Debug;
		};
		852EC09E1A713DA300DD765D /* Release */ = {
			isa = XCBuildConfiguration;
			buildSettings = {
				BUNDLE_LOADER = "$(TEST_HOST)";
				FRAMEWORK_SEARCH_PATHS = (
					"$(SDKROOT)/Developer/Library/Frameworks",
					"$(inherited)",
				);
				INFOPLIST_FILE = dataTests/Info.plist;
				LD_RUNPATH_SEARCH_PATHS = "$(inherited) @executable_path/Frameworks @loader_path/Frameworks";
				PRODUCT_NAME = "$(TARGET_NAME)";
				TEST_HOST = "$(BUILT_PRODUCTS_DIR)/data.app/data";
			};
			name = Release;
		};
/* End XCBuildConfiguration section */

/* Begin XCConfigurationList section */
		852EC0721A713DA300DD765D /* Build configuration list for PBXProject "data" */ = {
			isa = XCConfigurationList;
			buildConfigurations = (
				852EC0971A713DA300DD765D /* Debug */,
				852EC0981A713DA300DD765D /* Release */,
			);
			defaultConfigurationIsVisible = 0;
			defaultConfigurationName = Release;
		};
		852EC0991A713DA300DD765D /* Build configuration list for PBXNativeTarget "data" */ = {
			isa = XCConfigurationList;
			buildConfigurations = (
				852EC09A1A713DA300DD765D /* Debug */,
				852EC09B1A713DA300DD765D /* Release */,
			);
			defaultConfigurationIsVisible = 0;
			defaultConfigurationName = Release;
		};
		852EC09C1A713DA300DD765D /* Build configuration list for PBXNativeTarget "dataTests" */ = {
			isa = XCConfigurationList;
			buildConfigurations = (
				852EC09D1A713DA300DD765D /* Debug */,
				852EC09E1A713DA300DD765D /* Release */,
			);
			defaultConfigurationIsVisible = 0;
			defaultConfigurationName = Release;
		};
/* End XCConfigurationList section */

/* Begin XCVersionGroup section */
		852EC07E1A713DA300DD765D /* data.xcdatamodeld */ = {
			isa = XCVersionGroup;
			children = (
				852EC07F1A713DA300DD765D /* data.xcdatamodel */,
			);
			currentVersion = 852EC07F1A713DA300DD765D /* data.xcdatamodel */;
			path = data.xcdatamodeld;
			sourceTree = "<group>";
			versionGroupType = wrapper.xcdatamodel;
		};
/* End XCVersionGroup section */
	};
	rootObject = 852EC06F1A713DA300DD765D /* Project object */;
}
